version = 1
revision = 3
requires-python = ">=3.10"
resolution-markers = [
    "extra != 'extra-14-test-conflicts-ml' and extra == 'extra-14-test-conflicts-sci'",
    "python_full_version >= '3.11' and extra == 'extra-14-test-conflicts-ml' and extra != 'extra-14-test-conflicts-sci'",
    "python_full_version < '3.11' and extra == 'extra-14-test-conflicts-ml' and extra != 'extra-14-test-conflicts-sci'",
    "extra != 'extra-14-test-conflicts-ml' and extra != 'extra-14-test-conflicts-sci'",
]
conflicts = [[
    { package = "test-conflicts", extra = "ml" },
    { package = "test-conflicts", extra = "sci" },
]]

[[package]]
name = "numpy"
version = "1.24.0"
source = { registry = "https://pypi.org/simple" }
resolution-markers = [
    "python_full_version >= '3.11'",
    "python_full_version < '3.11'",
]
sdist = { url = "https://files.pythonhosted.org/packages/5f/c7/5ca7c100dcc85b5ef1b176bdf87be5e4392c2c3018e13cc7cdef828c6a09/numpy-1.24.0.tar.gz", hash = "sha256:c4ab7c9711fe6b235e86487ca74c1b092a6dd59a3cb45b63241ea0a148501853", size = 10897101, upload-time = "2022-12-18T19:33:53.177Z" }
wheels = [
    { url = "https://files.pythonhosted.org/packages/d5/4b/ee7fc0ade6f54df52ecaf99263961d2693a22590e775730e34f89d910e6a/numpy-1.24.0-cp310-cp310-macosx_10_9_x86_64.whl", hash = "sha256:6e73a1f4f5b74a42abb55bc2b3d869f1b38cbc8776da5f8b66bf110284f7a437", size = 19783743, upload-time = "2022-12-18T17:53:12.273Z" },
    { url = "https://files.pythonhosted.org/packages/d6/71/d7125eaa3290ac95a2b7553f559f00daf81616b1db67dad065c4da687df9/numpy-1.24.0-cp310-cp310-macosx_11_0_arm64.whl", hash = "sha256:9387c7d6d50e8f8c31e7bfc034241e9c6f4b3eb5db8d118d6487047b922f82af", size = 13846126, upload-time = "2022-12-18T17:53:33.953Z" },
    { url = "https://files.pythonhosted.org/packages/9c/46/49ba030beef06d8a5d64fd533b9f837078b1a84ddda1a4ef18081ba5fbfb/numpy-1.24.0-cp310-cp310-manylinux_2_17_aarch64.manylinux2014_aarch64.whl", hash = "sha256:7ad6a024a32ee61d18f5b402cd02e9c0e22c0fb9dc23751991b3a16d209d972e", size = 13981004, upload-time = "2022-12-18T17:53:54.647Z" },
    { url = "https://files.pythonhosted.org/packages/f8/af/d6a4f957a15287faa4f5d47c8f4290fd5fac24649ed8df0e4a6634bc493a/numpy-1.24.0-cp310-cp310-manylinux_2_17_x86_64.manylinux2014_x86_64.whl", hash = "sha256:73cf2c5b5a07450f20a0c8e04d9955491970177dce8df8d6903bf253e53268e0", size = 17269770, upload-time = "2022-12-18T17:54:19.763Z" },
    { url = "https://files.pythonhosted.org/packages/2f/e2/e75afe5ff2a0d60ffade6bb38b4724adecc2df1d1d0858e7a1d0f4ad2c69/numpy-1.24.0-cp310-cp310-win32.whl", hash = "sha256:cec79ff3984b2d1d103183fc4a3361f5b55bbb66cb395cbf5a920a4bb1fd588d", size = 12411441, upload-time = "2022-12-18T17:54:38.84Z" },
    { url = "https://files.pythonhosted.org/packages/46/5e/e01d8cc4a70aaaaccaabd01a514ec4ecb1912d73aa48f658f9ba6ae1f784/numpy-1.24.0-cp310-cp310-win_amd64.whl", hash = "sha256:4f5e78b8b710cd7cd1a8145994cfffc6ddd5911669a437777d8cedfce6c83a98", size = 14825401, upload-time = "2022-12-18T17:55:00.774Z" },
    { url = "https://files.pythonhosted.org/packages/1e/8a/2e23dd804191f725ff18a30468f316267be41ad07148a97eac5f48aa1d1d/numpy-1.24.0-cp311-cp311-macosx_10_9_x86_64.whl", hash = "sha256:4445f472b246cad6514cc09fbb5ecb7aab09ca2acc3c16f29f8dca6c468af501", size = 19770612, upload-time = "2022-12-18T17:55:29.999Z" },
    { url = "https://files.pythonhosted.org/packages/6c/90/c4a8a771b87fd7d1c9d6648fd08927825d31d80d98201149df14c9787214/numpy-1.24.0-cp311-cp311-macosx_11_0_arm64.whl", hash = "sha256:ec3e5e8172a0a6a4f3c2e7423d4a8434c41349141b04744b11a90e017a95bad5", size = 13831341, upload-time = "2022-12-18T17:55:51.043Z" },
    { url = "https://files.pythonhosted.org/packages/f4/e1/2ec4b9476bde1e0a9878fdde5fd122241007bf361eec3fb4ab08be3aecd0/numpy-1.24.0-cp311-cp311-manylinux_2_17_aarch64.manylinux2014_aarch64.whl", hash = "sha256:f9168790149f917ad8e3cf5047b353fefef753bd50b07c547da0bdf30bc15d91", size = 13977508, upload-time = "2022-12-18T17:56:12.17Z" },
    { url = "https://files.pythonhosted.org/packages/b0/26/8fbdd09f9926dffc272cbb266f7079963f774190ba0b5fddf72097b2c728/numpy-1.24.0-cp311-cp311-manylinux_2_17_x86_64.manylinux2014_x86_64.whl", hash = "sha256:ada6c1e9608ceadaf7020e1deea508b73ace85560a16f51bef26aecb93626a72", size = 17266259, upload-time = "2022-12-18T17:56:37.677Z" },
    { url = "https://files.pythonhosted.org/packages/84/90/694fab08694c96edfd34f08c749a3b101da66d2a6649f0fd78ddaf667b2a/numpy-1.24.0-cp311-cp311-win32.whl", hash = "sha256:f3c4a9a9f92734a4728ddbd331e0124eabbc968a0359a506e8e74a9b0d2d419b", size = 12404833, upload-time = "2022-12-18T17:56:56.638Z" },
    { url = "https://files.pythonhosted.org/packages/3f/b8/3c549c217405795ec76a947c0e7fc90c0a698542d1b55e0df51d45916be9/numpy-1.24.0-cp311-cp311-win_amd64.whl", hash = "sha256:90075ef2c6ac6397d0035bcd8b298b26e481a7035f7a3f382c047eb9c3414db0", size = 14817760, upload-time = "2022-12-18T17:57:18.413Z" },
]

[[package]]
name = "numpy"
version = "1.26.0"
source = { registry = "https://pypi.org/simple" }
sdist = { url = "https://files.pythonhosted.org/packages/55/b3/b13bce39ba82b7398c06d10446f5ffd5c07db39b09bd37370dc720c7951c/numpy-1.26.0.tar.gz", hash = "sha256:f93fc78fe8bf15afe2b8d6b6499f1c73953169fad1e9a8dd086cdff3190e7fdf", size = 15633455, upload-time = "2023-09-16T20:12:58.065Z" }
wheels = [
    { url = "https://files.pythonhosted.org/packages/be/f8/034752c5131c46e10364e4db241974f2eb6bb31bbfc4335344c19e17d909/numpy-1.26.0-cp310-cp310-macosx_10_9_x86_64.whl", hash = "sha256:f8db2f125746e44dce707dd44d4f4efeea8d7e2b43aace3f8d1f235cfa2733dd", size = 20617359, upload-time = "2023-09-16T19:58:18.591Z" },
    { url = "https://files.pythonhosted.org/packages/5c/ff/0e1f31c70495df6a1afbe98fa237f36e6fb7c5443fcb9a53f43170e5814c/numpy-1.26.0-cp310-cp310-macosx_11_0_arm64.whl", hash = "sha256:0621f7daf973d34d18b4e4bafb210bbaf1ef5e0100b5fa750bd9cde84c7ac292", size = 13953220, upload-time = "2023-09-16T19:58:41.481Z" },
    { url = "https://files.pythonhosted.org/packages/6a/c7/dc05fb56c0536f499d75ef4e201c37facb75e1ad1f416b98a9939f89f6f1/numpy-1.26.0-cp310-cp310-manylinux_2_17_aarch64.manylinux2014_aarch64.whl", hash = "sha256:51be5f8c349fdd1a5568e72713a21f518e7d6707bcf8503b528b88d33b57dc68", size = 14167853, upload-time = "2023-09-16T19:59:03.56Z" },
    { url = "https://files.pythonhosted.org/packages/9b/5a/f265a1ba3641d16b5480a217a6aed08cceef09cd173b568cd5351053472a/numpy-1.26.0-cp310-cp310-manylinux_2_17_x86_64.manylinux2014_x86_64.whl", hash = "sha256:767254ad364991ccfc4d81b8152912e53e103ec192d1bb4ea6b1f5a7117040be", size = 18181958, upload-time = "2023-09-16T19:59:30.999Z" },
    { url = "https://files.pythonhosted.org/packages/c9/cc/be866f190cfe818e1eb128f887b3cd715cfa554de9d5fe876c5a3ea3af48/numpy-1.26.0-cp310-cp310-musllinux_1_1_x86_64.whl", hash = "sha256:436c8e9a4bdeeee84e3e59614d38c3dbd3235838a877af8c211cfcac8a80b8d3", size = 18025005, upload-time = "2023-09-16T19:59:59.382Z" },
    { url = "https://files.pythonhosted.org/packages/9b/16/bb4ff6c803f3000c130618f75a879fc335c9f9434d1317033c35876709ca/numpy-1.26.0-cp310-cp310-win32.whl", hash = "sha256:c2e698cb0c6dda9372ea98a0344245ee65bdc1c9dd939cceed6bb91256837896", size = 20745239, upload-time = "2023-09-16T20:00:33.545Z" },
    { url = "https://files.pythonhosted.org/packages/cc/05/ef9fc04adda45d537619ea956bc33489f50a46badc949c4280d8309185ec/numpy-1.26.0-cp310-cp310-win_amd64.whl", hash = "sha256:09aaee96c2cbdea95de76ecb8a586cb687d281c881f5f17bfc0fb7f5890f6b91", size = 15793269, upload-time = "2023-09-16T20:00:59.079Z" },
    { url = "https://files.pythonhosted.org/packages/d2/2f/b42860931c1479714201495ffe47d74460a916ae426a21fc9b68c5e329aa/numpy-1.26.0-cp311-cp311-macosx_10_9_x86_64.whl", hash = "sha256:637c58b468a69869258b8ae26f4a4c6ff8abffd4a8334c830ffb63e0feefe99a", size = 20619338, upload-time = "2023-09-16T20:01:30.608Z" },
    { url = "https://files.pythonhosted.org/packages/35/21/9e150d654da358beb29fe216f339dc17f2b2ac13fff2a89669401a910550/numpy-1.26.0-cp311-cp311-macosx_11_0_arm64.whl", hash = "sha256:306545e234503a24fe9ae95ebf84d25cba1fdc27db971aa2d9f1ab6bba19a9dd", size = 13981953, upload-time = "2023-09-16T20:01:54.921Z" },
    { url = "https://files.pythonhosted.org/packages/a9/84/baf694be765d68c73f0f8a9d52151c339aed5f2d64205824a6f29021170c/numpy-1.26.0-cp311-cp311-manylinux_2_17_aarch64.manylinux2014_aarch64.whl", hash = "sha256:8c6adc33561bd1d46f81131d5352348350fc23df4d742bb246cdfca606ea1208", size = 14167328, upload-time = "2023-09-16T20:02:20.922Z" },
    { url = "https://files.pythonhosted.org/packages/c4/36/161e2f8110f8c49e59f6107bd6da4257d30aff9f06373d0471811f73dcc5/numpy-1.26.0-cp311-cp311-manylinux_2_17_x86_64.manylinux2014_x86_64.whl", hash = "sha256:e062aa24638bb5018b7841977c360d2f5917268d125c833a686b7cbabbec496c", size = 18178118, upload-time = "2023-09-16T20:02:49.046Z" },
    { url = "https://files.pythonhosted.org/packages/37/41/63975634a93da2a384d3c8084eba467242cab68daab0cd8f4fd470dcee26/numpy-1.26.0-cp311-cp311-musllinux_1_1_x86_64.whl", hash = "sha256:546b7dd7e22f3c6861463bebb000646fa730e55df5ee4a0224408b5694cc6148", size = 18020808, upload-time = "2023-09-16T20:03:16.849Z" },
    { url = "https://files.pythonhosted.org/packages/58/d2/cbc329aa908cb963bd849f14e24f59c002a488e9055fab2c68887a6b5f1c/numpy-1.26.0-cp311-cp311-win32.whl", hash = "sha256:c0b45c8b65b79337dee5134d038346d30e109e9e2e9d43464a2970e5c0e93229", size = 20750149, upload-time = "2023-09-16T20:03:49.609Z" },
    { url = "https://files.pythonhosted.org/packages/93/fd/3f826c6d15d3bdcf65b8031e4835c52b7d9c45add25efa2314b53850e1a2/numpy-1.26.0-cp311-cp311-win_amd64.whl", hash = "sha256:eae430ecf5794cb7ae7fa3808740b015aa80747e5266153128ef055975a72b99", size = 15794407, upload-time = "2023-09-16T20:04:13.829Z" },
    { url = "https://files.pythonhosted.org/packages/e9/83/f8a62f08d38d831a2980427ffc465a4207fe600124b00cfb0ef8265594a7/numpy-1.26.0-cp312-cp312-macosx_10_9_x86_64.whl", hash = "sha256:166b36197e9debc4e384e9c652ba60c0bacc216d0fc89e78f973a9760b503388", size = 20325091, upload-time = "2023-09-16T20:04:44.267Z" },
    { url = "https://files.pythonhosted.org/packages/7a/72/6d1cbdf0d770016bc9485f9ef02e73d5cb4cf3c726f8e120b860a403d307/numpy-1.26.0-cp312-cp312-macosx_11_0_arm64.whl", hash = "sha256:f042f66d0b4ae6d48e70e28d487376204d3cbf43b84c03bac57e28dac6151581", size = 13672867, upload-time = "2023-09-16T20:05:05.591Z" },
    { url = "https://files.pythonhosted.org/packages/2f/70/c071b2347e339f572f5aa61f649b70167e5dd218e3da3dc600c9b08154b9/numpy-1.26.0-cp312-cp312-manylinux_2_17_aarch64.manylinux2014_aarch64.whl", hash = "sha256:e5e18e5b14a7560d8acf1c596688f4dfd19b4f2945b245a71e5af4ddb7422feb", size = 13872627, upload-time = "2023-09-16T20:05:28.488Z" },
    { url = "https://files.pythonhosted.org/packages/e3/e2/4ecfbc4a2e3f9d227b008c92a5d1f0370190a639b24fec3b226841eaaf19/numpy-1.26.0-cp312-cp312-manylinux_2_17_x86_64.manylinux2014_x86_64.whl", hash = "sha256:7f6bad22a791226d0a5c7c27a80a20e11cfe09ad5ef9084d4d3fc4a299cca505", size = 17883864, upload-time = "2023-09-16T20:05:55.622Z" },
    { url = "https://files.pythonhosted.org/packages/45/08/025bb65dbe19749f1a67a80655670941982e5d0144a4e588ebbdbcfe7983/numpy-1.26.0-cp312-cp312-musllinux_1_1_x86_64.whl", hash = "sha256:4acc65dd65da28060e206c8f27a573455ed724e6179941edb19f97e58161bb69", size = 17721550, upload-time = "2023-09-16T20:06:23.505Z" },
    { url = "https://files.pythonhosted.org/packages/98/66/f0a846751044d0b6db5156fb6304d0336861ed055c21053a0f447103939c/numpy-1.26.0-cp312-cp312-win32.whl", hash = "sha256:bb0d9a1aaf5f1cb7967320e80690a1d7ff69f1d47ebc5a9bea013e3a21faec95", size = 19951520, upload-time = "2023-09-16T20:06:53.976Z" },
    { url = "https://files.pythonhosted.org/packages/98/d7/1cc7a11118408ad21a5379ff2a4e0b0e27504c68ef6e808ebaa90ee95902/numpy-1.26.0-cp312-cp312-win_amd64.whl", hash = "sha256:ee84ca3c58fe48b8ddafdeb1db87388dce2c3c3f701bf447b05e4cfcc3679112", size = 15504471, upload-time = "2023-09-16T20:07:22.222Z" },
]

[[package]]
name = "pandas"
version = "1.5.0"
source = { registry = "https://pypi.org/simple" }
dependencies = [
    { name = "numpy", version = "1.24.0", source = { registry = "https://pypi.org/simple" } },
    { name = "python-dateutil" },
    { name = "pytz" },
]
sdist = { url = "https://files.pythonhosted.org/packages/2a/24/f5042daa59b91e94e6ea41edbb28d2b7e3712d0cf54a76f9ffde394efbe7/pandas-1.5.0.tar.gz", hash = "sha256:3ee61b881d2f64dd90c356eb4a4a4de75376586cd3c9341c6c0fcaae18d52977", size = 5191537, upload-time = "2022-09-19T15:55:13.292Z" }
wheels = [
    { url = "https://files.pythonhosted.org/packages/82/6c/c35ea6ed019829714a8432da14690f442f96ffeb050343278fe0733fb768/pandas-1.5.0-cp310-cp310-macosx_10_9_universal2.whl", hash = "sha256:0d8d7433d19bfa33f11c92ad9997f15a902bda4f5ad3a4814a21d2e910894484", size = 18538974, upload-time = "2022-09-19T15:53:13.348Z" },
    { url = "https://files.pythonhosted.org/packages/f6/5d/4020469c1f7df76644b8575b160e9ccafdf1eeb5af7d0b5627e0f565fd18/pandas-1.5.0-cp310-cp310-macosx_10_9_x86_64.whl", hash = "sha256:5cc47f2ebaa20ef96ae72ee082f9e101b3dfbf74f0e62c7a12c0b075a683f03c", size = 11976888, upload-time = "2022-09-19T15:53:19.64Z" },
    { url = "https://files.pythonhosted.org/packages/8c/00/e247f93bd07133c47b1b6e7df5a5d5d1a3525d9ba790d38057e1e8ca66a0/pandas-1.5.0-cp310-cp310-macosx_11_0_arm64.whl", hash = "sha256:8e8e5edf97d8793f51d258c07c629bd49d271d536ce15d66ac00ceda5c150eb3", size = 10839762, upload-time = "2022-09-19T15:53:25.291Z" },
    { url = "https://files.pythonhosted.org/packages/fa/9d/c9820dbe371c1d6297f59ef76a17e032df2659addadfc76bb87106ca35db/pandas-1.5.0-cp310-cp310-manylinux_2_17_aarch64.manylinux2014_aarch64.whl", hash = "sha256:41aec9f87455306496d4486df07c1b98c15569c714be2dd552a6124cd9fda88f", size = 11369665, upload-time = "2022-09-20T16:34:51.137Z" },
    { url = "https://files.pythonhosted.org/packages/a2/bb/33c637f9d284a8b314aee0a6fc2c2ef243d9145e9480f910f4eca54e6887/pandas-1.5.0-cp310-cp310-manylinux_2_17_x86_64.manylinux2014_x86_64.whl", hash = "sha256:c76f1d104844c5360c21d2ef0e1a8b2ccf8b8ebb40788475e255b9462e32b2be", size = 12065568, upload-time = "2022-09-19T15:53:30.62Z" },
    { url = "https://files.pythonhosted.org/packages/28/92/d8ede5d604e7970172e23e3bed9e9a19b841baed95e2fd6d87ac90f87026/pandas-1.5.0-cp310-cp310-win_amd64.whl", hash = "sha256:1642fc6138b4e45d57a12c1b464a01a6d868c0148996af23f72dde8d12486bbc", size = 10360479, upload-time = "2022-09-19T15:53:35.518Z" },
    { url = "https://files.pythonhosted.org/packages/10/ee/11b87cb8c1f7528f49c3eae401461759f7481eaf6b3f76f690d400a89410/pandas-1.5.0-cp311-cp311-macosx_10_9_universal2.whl", hash = "sha256:171cef540bfcec52257077816a4dbbac152acdb8236ba11d3196ae02bf0959d8", size = 18279220, upload-time = "2022-09-19T15:53:41.444Z" },
    { url = "https://files.pythonhosted.org/packages/86/56/1166f3d36fda4e16f4d7296207fae1fa5c01352b32e9c480e1ed360b180e/pandas-1.5.0-cp311-cp311-macosx_10_9_x86_64.whl", hash = "sha256:a68a9b9754efff364b0c5ee5b0f18e15ca640c01afe605d12ba8b239ca304d6b", size = 11856578, upload-time = "2022-09-19T15:53:47.467Z" },
    { url = "https://files.pythonhosted.org/packages/1d/4c/59163e34135e72eda5f083aa89183f582d7a24415132f4bfc8ecc486125a/pandas-1.5.0-cp311-cp311-macosx_11_0_arm64.whl", hash = "sha256:86d87279ebc5bc20848b4ceb619073490037323f80f515e0ec891c80abad958a", size = 10707767, upload-time = "2022-09-19T15:53:53.039Z" },
    { url = "https://files.pythonhosted.org/packages/0f/dc/9e6655b5403b2d29e96e950e6fcecb4dc57826325ef5fc9fd777abe666c1/pandas-1.5.0-cp311-cp311-manylinux_2_17_aarch64.manylinux2014_aarch64.whl", hash = "sha256:207d63ac851e60ec57458814613ef4b3b6a5e9f0b33c57623ba2bf8126c311f8", size = 11376954, upload-time = "2022-09-20T16:34:56.83Z" },
    { url = "https://files.pythonhosted.org/packages/fa/fe/c81ad3991f2c6aeacf01973f1d37b1dc76c0682f312f104741602a9557f1/pandas-1.5.0-cp311-cp311-manylinux_2_17_x86_64.manylinux2014_x86_64.whl", hash = "sha256:e252a9e49b233ff96e2815c67c29702ac3a062098d80a170c506dff3470fd060", size = 12022642, upload-time = "2022-09-19T15:53:58.646Z" },
    { url = "https://files.pythonhosted.org/packages/91/e2/61f674f92e4a13a9c4b24260d2ca8c964e4affccfa3cb9fc2284996618a3/pandas-1.5.0-cp311-cp311-win_amd64.whl", hash = "sha256:de34636e2dc04e8ac2136a8d3c2051fd56ebe9fd6cd185581259330649e73ca9", size = 10301111, upload-time = "2022-09-19T15:54:03.347Z" },
]

[[package]]
name = "python-dateutil"
version = "2.9.0.post0"
source = { registry = "https://pypi.org/simple" }
dependencies = [
    { name = "six" },
]
sdist = { url = "https://files.pythonhosted.org/packages/66/c0/0c8b6ad9f17a802ee498c46e004a0eb49bc148f2fd230864601a86dcf6db/python-dateutil-2.9.0.post0.tar.gz", hash = "sha256:37dd54208da7e1cd875388217d5e00ebd4179249f90fb72437e91a35459a0ad3", size = 342432, upload-time = "2024-03-01T18:36:20.211Z" }
wheels = [
    { url = "https://files.pythonhosted.org/packages/ec/57/56b9bcc3c9c6a792fcbaf139543cee77261f3651ca9da0c93f5c1221264b/python_dateutil-2.9.0.post0-py2.py3-none-any.whl", hash = "sha256:a8b2bc7bffae282281c8140a97d3aa9c14da0b136dfe83f850eea9a5f7470427", size = 229892, upload-time = "2024-03-01T18:36:18.57Z" },
]

[[package]]
name = "pytz"
version = "2026.2"
source = { registry = "https://pypi.org/simple" }
sdist = { url = "https://files.pythonhosted.org/packages/ff/46/dd499ec9038423421951e4fad73051febaa13d2df82b4064f87af8b8c0c3/pytz-2026.2.tar.gz", hash = "sha256:0e60b47b29f21574376f218fe21abc009894a2321ea16c6754f3cad6eb7cdd6a", size = 320861, upload-time = "2026-05-04T01:35:29.667Z" }
wheels = [
    { url = "https://files.pythonhosted.org/packages/ec/dd/96da98f892250475bdf2328112d7468abdd4acc7b902b6af23f4ed958ea0/pytz-2026.2-py2.py3-none-any.whl", hash = "sha256:04156e608bee23d3792fd45c94ae47fae1036688e75032eea2e3bf0323d1f126", size = 510141, upload-time = "2026-05-04T01:35:27.408Z" },
]

[[package]]
name = "scipy"
version = "1.11.0"
source = { registry = "https://pypi.org/simple" }
dependencies = [
    { name = "numpy", version = "1.26.0", source = { registry = "https://pypi.org/simple" } },
]
sdist = { url = "https://files.pythonhosted.org/packages/fa/d0/724c8204f87b6f807e3e67de32b8b4922d579154a448ce94e89129064bf1/scipy-1.11.0.tar.gz", hash = "sha256:f9b0248cb9d08eead44cde47cbf6339f1e9aa0dfde28f5fb27950743e317bd5d", size = 56030121, upload-time = "2023-06-25T19:26:39.505Z" }
wheels = [
    { url = "https://files.pythonhosted.org/packages/d9/3a/215f6fe227de718f3fd3e4ad9a6644e67ec944850c14d794b5c3febe5a9b/scipy-1.11.0-cp310-cp310-macosx_10_9_x86_64.whl", hash = "sha256:2e4f14c11fbf825319dbd7f467639a241e7c956c34edb1e036ec7bb6271e4f7b", size = 37157888, upload-time = "2023-06-25T18:27:23.26Z" },
    { url = "https://files.pythonhosted.org/packages/72/08/f9920eeedf4953a631d0087a6e80bb2e091cf51e6efb55ec638d838b4e92/scipy-1.11.0-cp310-cp310-macosx_12_0_arm64.whl", hash = "sha256:b269ed44e2e2e43611f2ae95ba551fd98abbdc1a7ea8268f72f75876982368c4", size = 29616995, upload-time = "2023-06-25T18:28:12.379Z" },
    { url = "https://files.pythonhosted.org/packages/fc/17/49b393887ab0d8df6ea1d5d0a55c13c87008510762b0f6d128cfd338416c/scipy-1.11.0-cp310-cp310-manylinux_2_17_aarch64.manylinux2014_aarch64.whl", hash = "sha256:2c29bae479b17d85208dfdfc67e50d5944ee23211f236728aadde9b0b7c1c33e", size = 32754203, upload-time = "2023-06-25T18:29:37.036Z" },
    { url = "https://files.pythonhosted.org/packages/5a/55/ec296aa9399d00f5d6794b90d96b5cce5eeb46c62450173fedb2b3b7ef72/scipy-1.11.0-cp310-cp310-manylinux_2_17_x86_64.manylinux2014_x86_64.whl", hash = "sha256:a53f9cebcfda6158c241c35a559407a4ef6b8cb0863eb4144958fe0a0b7c3dae", size = 36289105, upload-time = "2023-06-25T18:31:21.658Z" },
    { url = "https://files.pythonhosted.org/packages/09/76/2d056ac41718348690051a0793776e99f04d67f67a53741c0bd2987bb486/scipy-1.11.0-cp310-cp310-musllinux_1_1_x86_64.whl", hash = "sha256:ebf4b2ea26d50312731ddba2406389c5ddcbff9d777cf3277ea11decc81e5dfb", size = 36493032, upload-time = "2023-06-25T18:33:04.494Z" },
    { url = "https://files.pythonhosted.org/packages/74/a3/eb008e104a30a5e743bf6d68df1497e2d4a8b98103731f9948bf8ca18e3a/scipy-1.11.0-cp310-cp310-win_amd64.whl", hash = "sha256:894ced9a2cdb050ff5e392f274617af46dca896d5c9112fa4a2019929554d321", size = 44006571, upload-time = "2023-06-25T18:35:10.763Z" },
    { url = "https://files.pythonhosted.org/packages/2f/b5/b5387cdafc66805907424c3a95f773b84a5d452a0925801c6218727a766e/scipy-1.11.0-cp311-cp311-macosx_10_9_x86_64.whl", hash = "sha256:7a92bd3cd4acad2e0e0b360176d5ec68b100983c8145add8a8233acddf4e5fcc", size = 37020748, upload-time = "2023-06-25T18:36:58.32Z" },
    { url = "https://files.pythonhosted.org/packages/3e/c1/e3072fa102974a0a89e34da19b863c97affa8a13ac00a1577771553c3d6b/scipy-1.11.0-cp311-cp311-macosx_12_0_arm64.whl", hash = "sha256:586608ea35206257d4e0ce6f154a6cfef71723b2c1f6d40de5e0b0e8a81cd2ff", size = 29526867, upload-time = "2023-06-25T18:38:25.078Z" },
    { url = "https://files.pythonhosted.org/packages/dc/4b/5e10e8b69cce946c29c2795188cd366571ca83987cbf652d795995d0a9a4/scipy-1.11.0-cp311-cp311-manylinux_2_17_aarch64.manylinux2014_aarch64.whl", hash = "sha256:d8e631c3c49c24f30828580b8126fe3be5cca5409dad5b797418a5b8965eeafa", size = 32772672, upload-time = "2023-06-25T18:39:58.934Z" },
    { url = "https://files.pythonhosted.org/packages/27/10/985c0902929a424c8e0483f16ee54f92fc5e4fa07fbd83a36f3aa469b3fe/scipy-1.11.0-cp311-cp311-manylinux_2_17_x86_64.manylinux2014_x86_64.whl", hash = "sha256:ccc70892ea674f93183c5c4139557b611e42f644dd755da4b19ca974ab770672", size = 36240181, upload-time = "2023-06-25T18:41:37.071Z" },
    { url = "https://files.pythonhosted.org/packages/e0/30/209e1065405819ec3c4da1d2c0b0ac7b1b17c86888604b8971249afc89d1/scipy-1.11.0-cp311-cp311-musllinux_1_1_x86_64.whl", hash = "sha256:80015b8928f91bd40377b2b1010ba2e09b03680cbfc291208740494aeb8debf2", size = 36462540, upload-time = "2023-06-25T18:43:23.002Z" },
    { url = "https://files.pythonhosted.org/packages/cc/e3/0b0dbdba0dc487161214fed41170f80c1e152c3bb6fd8e7fba014840fe5e/scipy-1.11.0-cp311-cp311-win_amd64.whl", hash = "sha256:6302c7cba5bf99c901653ff158746625526cc438f058bce41514d7469b79b2c3", size = 43949596, upload-time = "2023-06-25T18:45:19.911Z" },
]

[[package]]
name = "six"
version = "1.17.0"
source = { registry = "https://pypi.org/simple" }
sdist = { url = "https://files.pythonhosted.org/packages/94/e7/b2c673351809dca68a0e064b6af791aa332cf192da575fd474ed7d6f16a2/six-1.17.0.tar.gz", hash = "sha256:ff70335d468e7eb6ec65b95b99d3a2836546063f63acc5171de367e834932a81", size = 34031, upload-time = "2024-12-04T17:35:28.174Z" }
wheels = [
    { url = "https://files.pythonhosted.org/packages/b7/ce/149a00dd41f10bc29e5921b496af8b574d8413afcd5e30dfa0ed46c2cc5e/six-1.17.0-py2.py3-none-any.whl", hash = "sha256:4721f391ed90541fddacab5acf947aa0d3dc7d27b2e1e8eda2be8970586c3274", size = 11050, upload-time = "2024-12-04T17:35:26.475Z" },
]

[[package]]
name = "test-conflicts"
version = "0.1.0"
source = { virtual = "." }

[package.optional-dependencies]
ml = [
    { name = "numpy", version = "1.24.0", source = { registry = "https://pypi.org/simple" } },
    { name = "pandas" },
]
sci = [
    { name = "numpy", version = "1.26.0", source = { registry = "https://pypi.org/simple" } },
    { name = "scipy" },
]

[package.metadata]
requires-dist = [
    { name = "numpy", marker = "extra == 'ml'", specifier = "==1.24.0" },
    { name = "numpy", marker = "extra == 'sci'", specifier = "==1.26.0" },
    { name = "pandas", marker = "extra == 'ml'", specifier = "==1.5.0" },
    { name = "scipy", marker = "extra == 'sci'", specifier = "==1.11.0" },
]
provides-extras = ["ml", "sci"]
